{
    "_meta": {
        "hash": {
            "sha256": "1f6b3eb05921ef1c06633ab896c0aabfe919362c0a8273a00c80ea261966d013"
        },
        "requires": {},
        "sources": [
            {
                "url": "https://pypi.python.org/simple",
                "verify_ssl": true
            }
        ]
    },
    "default": {
        "BASC-py4chan": "*",
        "autopep8": "*",
        "better_exceptions": "*",
        "click": "*",
        "coloredlogs": "*",
        "dataset": "*",
        "facepy": "*",
        "pytest-cov": "*",
        "python-twitter": "*"
    },
    "develop": {
        "coverage": "*",
        "pytest": "*"
    }
}